
Microsoft Visual Studio Solution File, Format Version 12.00
# Visual Studio Version 17
VisualStudioVersion = 17.2.32516.85
MinimumVisualStudioVersion = 10.0.40219.1
Project("{9A19103F-16F7-4668-BE54-9A1E7A4F7556}") = "AdventOfCode2023", "AdventOfCode2023\AdventOfCode2023.csproj", "{7D757A0A-0A09-4362-B874-ABD780023ED2}"
EndProject
Project("{9A19103F-16F7-4668-BE54-9A1E7A4F7556}") = "Day 1 - Trebuchet", "Day 1 - Trebuchet\Day 1 - Trebuchet.csproj", "{DEA4DD46-C723-41E1-B7BB-55864BA0EE74}"
EndProject
Project("{9A19103F-16F7-4668-BE54-9A1E7A4F7556}") = "Unit Tests", "Unit Tests\Unit Tests.csproj", "{AF4DA659-7F77-4199-814D-1174C4593DB4}"
EndProject
Project("{9A19103F-16F7-4668-BE54-9A1E7A4F7556}") = "Day 2 - Cube Game", "Day 2 - Cube Game\Day 2 - Cube Game.csproj", "{5A2BF91B-3BB5-4A05-A400-B5BA0B7476A7}"
EndProject
Project("{9A19103F-16F7-4668-BE54-9A1E7A4F7556}") = "Day 3 - Gears", "Day 3 - Gears\Day 3 - Gears.csproj", "{FE1A38B6-1CB1-4EB7-B8D0-2881170B6231}"
EndProject
Project("{9A19103F-16F7-4668-BE54-9A1E7A4F7556}") = "Day 4 - Scratch Cards", "Day 4 - Scratch Cards\Day 4 - Scratch Cards.csproj", "{15116FA7-F22A-4A1B-8BB1-2EDDF7F34A13}"
EndProject
Project("{2150E333-8FDC-42A3-9474-1A3956D46DE8}") = "Solution Items", "Solution Items", "{435CED68-1280-456F-BF39-1064459B2549}"
	ProjectSection(SolutionItems) = preProject
		ben.txt = ben.txt
		bill.txt = bill.txt
	EndProjectSection
EndProject
Project("{9A19103F-16F7-4668-BE54-9A1E7A4F7556}") = "Day 5 - Maps of Seeds", "Day 5 - Maps of Seeds\Day 5 - Maps of Seeds.csproj", "{35F1778A-9801-4EB8-8CEF-9855B999B068}"
EndProject
Project("{9A19103F-16F7-4668-BE54-9A1E7A4F7556}") = "Day 6 - Toy Races", "Day 6 - Toy Races\Day 6 - Toy Races.csproj", "{D9936B77-A76F-4495-A171-40828225FEF2}"
EndProject
Project("{9A19103F-16F7-4668-BE54-9A1E7A4F7556}") = "Day 7 - Camel Poker", "Day 7 - Camel Poker\Day 7 - Camel Poker.csproj", "{06B7D3EE-24AD-463B-B547-DFBED99FE70F}"
EndProject
Project("{9A19103F-16F7-4668-BE54-9A1E7A4F7556}") = "Day 8 - Haunted Wasteland", "Day 8 - Haunted Wasteland\Day 8 - Haunted Wasteland.csproj", "{9650517E-7A01-4C63-9958-08DE9222C137}"
EndProject
Project("{9A19103F-16F7-4668-BE54-9A1E7A4F7556}") = "Day 9 - Oasis Report", "Day 9 - Oasis Report\Day 9 - Oasis Report.csproj", "{285834A3-950D-4C8E-AB18-630BB75BAD7C}"
EndProject
Project("{FAE04EC0-301F-11D3-BF4B-00C04F79EFBC}") = "Day 10 - Pipe Maze", "Day 10 - Pipe Maze\Day 10 - Pipe Maze.csproj", "{54189501-4EB9-48B6-8185-E62B9C65BDA0}"
EndProject
Global
	GlobalSection(SolutionConfigurationPlatforms) = preSolution
		Debug|Any CPU = Debug|Any CPU
		Debug|x86 = Debug|x86
		Release|Any CPU = Release|Any CPU
		Release|x86 = Release|x86
	EndGlobalSection
	GlobalSection(ProjectConfigurationPlatforms) = postSolution
		{7D757A0A-0A09-4362-B874-ABD780023ED2}.Debug|Any CPU.ActiveCfg = Debug|Any CPU
		{7D757A0A-0A09-4362-B874-ABD780023ED2}.Debug|Any CPU.Build.0 = Debug|Any CPU
		{7D757A0A-0A09-4362-B874-ABD780023ED2}.Debug|x86.ActiveCfg = Debug|Any CPU
		{7D757A0A-0A09-4362-B874-ABD780023ED2}.Debug|x86.Build.0 = Debug|Any CPU
		{7D757A0A-0A09-4362-B874-ABD780023ED2}.Release|Any CPU.ActiveCfg = Release|Any CPU
		{7D757A0A-0A09-4362-B874-ABD780023ED2}.Release|Any CPU.Build.0 = Release|Any CPU
		{7D757A0A-0A09-4362-B874-ABD780023ED2}.Release|x86.ActiveCfg = Release|Any CPU
		{7D757A0A-0A09-4362-B874-ABD780023ED2}.Release|x86.Build.0 = Release|Any CPU
		{DEA4DD46-C723-41E1-B7BB-55864BA0EE74}.Debug|Any CPU.ActiveCfg = Debug|Any CPU
		{DEA4DD46-C723-41E1-B7BB-55864BA0EE74}.Debug|Any CPU.Build.0 = Debug|Any CPU
		{DEA4DD46-C723-41E1-B7BB-55864BA0EE74}.Debug|x86.ActiveCfg = Debug|Any CPU
		{DEA4DD46-C723-41E1-B7BB-55864BA0EE74}.Debug|x86.Build.0 = Debug|Any CPU
		{DEA4DD46-C723-41E1-B7BB-55864BA0EE74}.Release|Any CPU.ActiveCfg = Release|Any CPU
		{DEA4DD46-C723-41E1-B7BB-55864BA0EE74}.Release|Any CPU.Build.0 = Release|Any CPU
		{DEA4DD46-C723-41E1-B7BB-55864BA0EE74}.Release|x86.ActiveCfg = Release|Any CPU
		{DEA4DD46-C723-41E1-B7BB-55864BA0EE74}.Release|x86.Build.0 = Release|Any CPU
		{AF4DA659-7F77-4199-814D-1174C4593DB4}.Debug|Any CPU.ActiveCfg = Debug|Any CPU
		{AF4DA659-7F77-4199-814D-1174C4593DB4}.Debug|Any CPU.Build.0 = Debug|Any CPU
		{AF4DA659-7F77-4199-814D-1174C4593DB4}.Debug|x86.ActiveCfg = Debug|Any CPU
		{AF4DA659-7F77-4199-814D-1174C4593DB4}.Debug|x86.Build.0 = Debug|Any CPU
		{AF4DA659-7F77-4199-814D-1174C4593DB4}.Release|Any CPU.ActiveCfg = Release|Any CPU
		{AF4DA659-7F77-4199-814D-1174C4593DB4}.Release|Any CPU.Build.0 = Release|Any CPU
		{AF4DA659-7F77-4199-814D-1174C4593DB4}.Release|x86.ActiveCfg = Release|Any CPU
		{AF4DA659-7F77-4199-814D-1174C4593DB4}.Release|x86.Build.0 = Release|Any CPU
		{5A2BF91B-3BB5-4A05-A400-B5BA0B7476A7}.Debug|Any CPU.ActiveCfg = Debug|Any CPU
		{5A2BF91B-3BB5-4A05-A400-B5BA0B7476A7}.Debug|Any CPU.Build.0 = Debug|Any CPU
		{5A2BF91B-3BB5-4A05-A400-B5BA0B7476A7}.Debug|x86.ActiveCfg = Debug|Any CPU
		{5A2BF91B-3BB5-4A05-A400-B5BA0B7476A7}.Debug|x86.Build.0 = Debug|Any CPU
		{5A2BF91B-3BB5-4A05-A400-B5BA0B7476A7}.Release|Any CPU.ActiveCfg = Release|Any CPU
		{5A2BF91B-3BB5-4A05-A400-B5BA0B7476A7}.Release|Any CPU.Build.0 = Release|Any CPU
		{5A2BF91B-3BB5-4A05-A400-B5BA0B7476A7}.Release|x86.ActiveCfg = Release|Any CPU
		{5A2BF91B-3BB5-4A05-A400-B5BA0B7476A7}.Release|x86.Build.0 = Release|Any CPU
		{FE1A38B6-1CB1-4EB7-B8D0-2881170B6231}.Debug|Any CPU.ActiveCfg = Debug|Any CPU
		{FE1A38B6-1CB1-4EB7-B8D0-2881170B6231}.Debug|Any CPU.Build.0 = Debug|Any CPU
		{FE1A38B6-1CB1-4EB7-B8D0-2881170B6231}.Debug|x86.ActiveCfg = Debug|Any CPU
		{FE1A38B6-1CB1-4EB7-B8D0-2881170B6231}.Debug|x86.Build.0 = Debug|Any CPU
		{FE1A38B6-1CB1-4EB7-B8D0-2881170B6231}.Release|Any CPU.ActiveCfg = Release|Any CPU
		{FE1A38B6-1CB1-4EB7-B8D0-2881170B6231}.Release|Any CPU.Build.0 = Release|Any CPU
		{FE1A38B6-1CB1-4EB7-B8D0-2881170B6231}.Release|x86.ActiveCfg = Release|Any CPU
		{FE1A38B6-1CB1-4EB7-B8D0-2881170B6231}.Release|x86.Build.0 = Release|Any CPU
		{15116FA7-F22A-4A1B-8BB1-2EDDF7F34A13}.Debug|Any CPU.ActiveCfg = Debug|Any CPU
		{15116FA7-F22A-4A1B-8BB1-2EDDF7F34A13}.Debug|Any CPU.Build.0 = Debug|Any CPU
		{15116FA7-F22A-4A1B-8BB1-2EDDF7F34A13}.Debug|x86.ActiveCfg = Debug|Any CPU
		{15116FA7-F22A-4A1B-8BB1-2EDDF7F34A13}.Debug|x86.Build.0 = Debug|Any CPU
		{15116FA7-F22A-4A1B-8BB1-2EDDF7F34A13}.Release|Any CPU.ActiveCfg = Release|Any CPU
		{15116FA7-F22A-4A1B-8BB1-2EDDF7F34A13}.Release|Any CPU.Build.0 = Release|Any CPU
		{15116FA7-F22A-4A1B-8BB1-2EDDF7F34A13}.Release|x86.ActiveCfg = Release|Any CPU
		{15116FA7-F22A-4A1B-8BB1-2EDDF7F34A13}.Release|x86.Build.0 = Release|Any CPU
		{35F1778A-9801-4EB8-8CEF-9855B999B068}.Debug|Any CPU.ActiveCfg = Debug|Any CPU
		{35F1778A-9801-4EB8-8CEF-9855B999B068}.Debug|Any CPU.Build.0 = Debug|Any CPU
		{35F1778A-9801-4EB8-8CEF-9855B999B068}.Debug|x86.ActiveCfg = Debug|Any CPU
		{35F1778A-9801-4EB8-8CEF-9855B999B068}.Debug|x86.Build.0 = Debug|Any CPU
		{35F1778A-9801-4EB8-8CEF-9855B999B068}.Release|Any CPU.ActiveCfg = Release|Any CPU
		{35F1778A-9801-4EB8-8CEF-9855B999B068}.Release|Any CPU.Build.0 = Release|Any CPU
		{35F1778A-9801-4EB8-8CEF-9855B999B068}.Release|x86.ActiveCfg = Release|Any CPU
		{35F1778A-9801-4EB8-8CEF-9855B999B068}.Release|x86.Build.0 = Release|Any CPU
		{D9936B77-A76F-4495-A171-40828225FEF2}.Debug|Any CPU.ActiveCfg = Debug|Any CPU
		{D9936B77-A76F-4495-A171-40828225FEF2}.Debug|Any CPU.Build.0 = Debug|Any CPU
		{D9936B77-A76F-4495-A171-40828225FEF2}.Debug|x86.ActiveCfg = Debug|Any CPU
		{D9936B77-A76F-4495-A171-40828225FEF2}.Debug|x86.Build.0 = Debug|Any CPU
		{D9936B77-A76F-4495-A171-40828225FEF2}.Release|Any CPU.ActiveCfg = Release|Any CPU
		{D9936B77-A76F-4495-A171-40828225FEF2}.Release|Any CPU.Build.0 = Release|Any CPU
		{D9936B77-A76F-4495-A171-40828225FEF2}.Release|x86.ActiveCfg = Release|Any CPU
		{D9936B77-A76F-4495-A171-40828225FEF2}.Release|x86.Build.0 = Release|Any CPU
		{06B7D3EE-24AD-463B-B547-DFBED99FE70F}.Debug|Any CPU.ActiveCfg = Debug|Any CPU
		{06B7D3EE-24AD-463B-B547-DFBED99FE70F}.Debug|Any CPU.Build.0 = Debug|Any CPU
		{06B7D3EE-24AD-463B-B547-DFBED99FE70F}.Debug|x86.ActiveCfg = Debug|Any CPU
		{06B7D3EE-24AD-463B-B547-DFBED99FE70F}.Debug|x86.Build.0 = Debug|Any CPU
		{06B7D3EE-24AD-463B-B547-DFBED99FE70F}.Release|Any CPU.ActiveCfg = Release|Any CPU
		{06B7D3EE-24AD-463B-B547-DFBED99FE70F}.Release|Any CPU.Build.0 = Release|Any CPU
		{06B7D3EE-24AD-463B-B547-DFBED99FE70F}.Release|x86.ActiveCfg = Release|Any CPU
		{06B7D3EE-24AD-463B-B547-DFBED99FE70F}.Release|x86.Build.0 = Release|Any CPU
		{9650517E-7A01-4C63-9958-08DE9222C137}.Debug|Any CPU.ActiveCfg = Debug|Any CPU
		{9650517E-7A01-4C63-9958-08DE9222C137}.Debug|Any CPU.Build.0 = Debug|Any CPU
		{9650517E-7A01-4C63-9958-08DE9222C137}.Debug|x86.ActiveCfg = Debug|Any CPU
		{9650517E-7A01-4C63-9958-08DE9222C137}.Debug|x86.Build.0 = Debug|Any CPU
		{9650517E-7A01-4C63-9958-08DE9222C137}.Release|Any CPU.ActiveCfg = Release|Any CPU
		{9650517E-7A01-4C63-9958-08DE9222C137}.Release|Any CPU.Build.0 = Release|Any CPU
		{9650517E-7A01-4C63-9958-08DE9222C137}.Release|x86.ActiveCfg = Release|Any CPU
		{9650517E-7A01-4C63-9958-08DE9222C137}.Release|x86.Build.0 = Release|Any CPU
		{285834A3-950D-4C8E-AB18-630BB75BAD7C}.Debug|Any CPU.ActiveCfg = Debug|Any CPU
		{285834A3-950D-4C8E-AB18-630BB75BAD7C}.Debug|Any CPU.Build.0 = Debug|Any CPU
		{285834A3-950D-4C8E-AB18-630BB75BAD7C}.Debug|x86.ActiveCfg = Debug|Any CPU
		{285834A3-950D-4C8E-AB18-630BB75BAD7C}.Debug|x86.Build.0 = Debug|Any CPU
		{285834A3-950D-4C8E-AB18-630BB75BAD7C}.Release|Any CPU.ActiveCfg = Release|Any CPU
		{285834A3-950D-4C8E-AB18-630BB75BAD7C}.Release|Any CPU.Build.0 = Release|Any CPU
		{285834A3-950D-4C8E-AB18-630BB75BAD7C}.Release|x86.ActiveCfg = Release|Any CPU
		{285834A3-950D-4C8E-AB18-630BB75BAD7C}.Release|x86.Build.0 = Release|Any CPU
		{54189501-4EB9-48B6-8185-E62B9C65BDA0}.Debug|Any CPU.ActiveCfg = Debug|Any CPU
		{54189501-4EB9-48B6-8185-E62B9C65BDA0}.Debug|Any CPU.Build.0 = Debug|Any CPU
		{54189501-4EB9-48B6-8185-E62B9C65BDA0}.Debug|x86.ActiveCfg = Debug|Any CPU
		{54189501-4EB9-48B6-8185-E62B9C65BDA0}.Debug|x86.Build.0 = Debug|Any CPU
		{54189501-4EB9-48B6-8185-E62B9C65BDA0}.Release|Any CPU.ActiveCfg = Release|Any CPU
		{54189501-4EB9-48B6-8185-E62B9C65BDA0}.Release|Any CPU.Build.0 = Release|Any CPU
		{54189501-4EB9-48B6-8185-E62B9C65BDA0}.Release|x86.ActiveCfg = Release|Any CPU
		{54189501-4EB9-48B6-8185-E62B9C65BDA0}.Release|x86.Build.0 = Release|Any CPU
	EndGlobalSection
	GlobalSection(SolutionProperties) = preSolution
		HideSolutionNode = FALSE
	EndGlobalSection
	GlobalSection(ExtensibilityGlobals) = postSolution
		SolutionGuid = {18549361-3BC6-408B-840B-68E8A7382013}
	EndGlobalSection
EndGlobal
