
Microsoft Visual Studio Solution File, Format Version 12.00
# Visual Studio Version 17
VisualStudioVersion = 17.2.32516.85
MinimumVisualStudioVersion = 10.0.40219.1
Project("{9A19103F-16F7-4668-BE54-9A1E7A4F7556}") = "AdventOfCode2023", "AdventOfCode2023\AdventOfCode2023.csproj", "{7D757A0A-0A09-4362-B874-ABD780023ED2}"
EndProject
Project("{9A19103F-16F7-4668-BE54-9A1E7A4F7556}") = "Day 1 - Trebuchet", "Day 1 - Trebuchet\Day 1 - Trebuchet.csproj", "{DEA4DD46-C723-41E1-B7BB-55864BA0EE74}"
EndProject
Project("{9A19103F-16F7-4668-BE54-9A1E7A4F7556}") = "Unit Tests", "Unit Tests\Unit Tests.csproj", "{AF4DA659-7F77-4199-814D-1174C4593DB4}"
EndProject
Project("{9A19103F-16F7-4668-BE54-9A1E7A4F7556}") = "Day 2 - Cube Game", "Day 2 - Cube Game\Day 2 - Cube Game.csproj", "{5A2BF91B-3BB5-4A05-A400-B5BA0B7476A7}"
EndProject
Project("{FAE04EC0-301F-11D3-BF4B-00C04F79EFBC}") = "Day 3 - Gears", "Day 3 - Gears\Day 3 - Gears.csproj", "{FE1A38B6-1CB1-4EB7-B8D0-2881170B6231}"
EndProject
Global
	GlobalSection(SolutionConfigurationPlatforms) = preSolution
		Debug|Any CPU = Debug|Any CPU
		Debug|x86 = Debug|x86
		Release|Any CPU = Release|Any CPU
		Release|x86 = Release|x86
	EndGlobalSection
	GlobalSection(ProjectConfigurationPlatforms) = postSolution
		{7D757A0A-0A09-4362-B874-ABD780023ED2}.Debug|Any CPU.ActiveCfg = Debug|Any CPU
		{7D757A0A-0A09-4362-B874-ABD780023ED2}.Debug|Any CPU.Build.0 = Debug|Any CPU
		{7D757A0A-0A09-4362-B874-ABD780023ED2}.Debug|x86.ActiveCfg = Debug|Any CPU
		{7D757A0A-0A09-4362-B874-ABD780023ED2}.Debug|x86.Build.0 = Debug|Any CPU
		{7D757A0A-0A09-4362-B874-ABD780023ED2}.Release|Any CPU.ActiveCfg = Release|Any CPU
		{7D757A0A-0A09-4362-B874-ABD780023ED2}.Release|Any CPU.Build.0 = Release|Any CPU
		{7D757A0A-0A09-4362-B874-ABD780023ED2}.Release|x86.ActiveCfg = Release|Any CPU
		{7D757A0A-0A09-4362-B874-ABD780023ED2}.Release|x86.Build.0 = Release|Any CPU
		{DEA4DD46-C723-41E1-B7BB-55864BA0EE74}.Debug|Any CPU.ActiveCfg = Debug|Any CPU
		{DEA4DD46-C723-41E1-B7BB-55864BA0EE74}.Debug|Any CPU.Build.0 = Debug|Any CPU
		{DEA4DD46-C723-41E1-B7BB-55864BA0EE74}.Debug|x86.ActiveCfg = Debug|Any CPU
		{DEA4DD46-C723-41E1-B7BB-55864BA0EE74}.Debug|x86.Build.0 = Debug|Any CPU
		{DEA4DD46-C723-41E1-B7BB-55864BA0EE74}.Release|Any CPU.ActiveCfg = Release|Any CPU
		{DEA4DD46-C723-41E1-B7BB-55864BA0EE74}.Release|Any CPU.Build.0 = Release|Any CPU
		{DEA4DD46-C723-41E1-B7BB-55864BA0EE74}.Release|x86.ActiveCfg = Release|Any CPU
		{DEA4DD46-C723-41E1-B7BB-55864BA0EE74}.Release|x86.Build.0 = Release|Any CPU
		{AF4DA659-7F77-4199-814D-1174C4593DB4}.Debug|Any CPU.ActiveCfg = Debug|Any CPU
		{AF4DA659-7F77-4199-814D-1174C4593DB4}.Debug|Any CPU.Build.0 = Debug|Any CPU
		{AF4DA659-7F77-4199-814D-1174C4593DB4}.Debug|x86.ActiveCfg = Debug|Any CPU
		{AF4DA659-7F77-4199-814D-1174C4593DB4}.Debug|x86.Build.0 = Debug|Any CPU
		{AF4DA659-7F77-4199-814D-1174C4593DB4}.Release|Any CPU.ActiveCfg = Release|Any CPU
		{AF4DA659-7F77-4199-814D-1174C4593DB4}.Release|Any CPU.Build.0 = Release|Any CPU
		{AF4DA659-7F77-4199-814D-1174C4593DB4}.Release|x86.ActiveCfg = Release|Any CPU
		{AF4DA659-7F77-4199-814D-1174C4593DB4}.Release|x86.Build.0 = Release|Any CPU
		{5A2BF91B-3BB5-4A05-A400-B5BA0B7476A7}.Debug|Any CPU.ActiveCfg = Debug|Any CPU
		{5A2BF91B-3BB5-4A05-A400-B5BA0B7476A7}.Debug|Any CPU.Build.0 = Debug|Any CPU
		{5A2BF91B-3BB5-4A05-A400-B5BA0B7476A7}.Debug|x86.ActiveCfg = Debug|Any CPU
		{5A2BF91B-3BB5-4A05-A400-B5BA0B7476A7}.Debug|x86.Build.0 = Debug|Any CPU
		{5A2BF91B-3BB5-4A05-A400-B5BA0B7476A7}.Release|Any CPU.ActiveCfg = Release|Any CPU
		{5A2BF91B-3BB5-4A05-A400-B5BA0B7476A7}.Release|Any CPU.Build.0 = Release|Any CPU
		{5A2BF91B-3BB5-4A05-A400-B5BA0B7476A7}.Release|x86.ActiveCfg = Release|Any CPU
		{5A2BF91B-3BB5-4A05-A400-B5BA0B7476A7}.Release|x86.Build.0 = Release|Any CPU
		{FE1A38B6-1CB1-4EB7-B8D0-2881170B6231}.Debug|Any CPU.ActiveCfg = Debug|Any CPU
		{FE1A38B6-1CB1-4EB7-B8D0-2881170B6231}.Debug|Any CPU.Build.0 = Debug|Any CPU
		{FE1A38B6-1CB1-4EB7-B8D0-2881170B6231}.Debug|x86.ActiveCfg = Debug|Any CPU
		{FE1A38B6-1CB1-4EB7-B8D0-2881170B6231}.Debug|x86.Build.0 = Debug|Any CPU
		{FE1A38B6-1CB1-4EB7-B8D0-2881170B6231}.Release|Any CPU.ActiveCfg = Release|Any CPU
		{FE1A38B6-1CB1-4EB7-B8D0-2881170B6231}.Release|Any CPU.Build.0 = Release|Any CPU
		{FE1A38B6-1CB1-4EB7-B8D0-2881170B6231}.Release|x86.ActiveCfg = Release|Any CPU
		{FE1A38B6-1CB1-4EB7-B8D0-2881170B6231}.Release|x86.Build.0 = Release|Any CPU
	EndGlobalSection
	GlobalSection(SolutionProperties) = preSolution
		HideSolutionNode = FALSE
	EndGlobalSection
	GlobalSection(ExtensibilityGlobals) = postSolution
		SolutionGuid = {18549361-3BC6-408B-840B-68E8A7382013}
	EndGlobalSection
EndGlobal
